
Microsoft Visual Studio Solution File, Format Version 12.00
# Visual Studio 15
VisualStudioVersion = 15.0.28010.2048
MinimumVisualStudioVersion = 10.0.40219.1
Project("{2150E333-8FDC-42A3-9474-1A3956D46DE8}") = "src", "src", "{1DC629E1-B15E-4AD3-8CEE-D639FBBA9D42}"
EndProject
Project("{2150E333-8FDC-42A3-9474-1A3956D46DE8}") = "BuildingBlocks", "BuildingBlocks", "{CDF1C77B-5AC9-4DD4-8D48-4BCDA7DCA497}"
EndProject
Project("{2150E333-8FDC-42A3-9474-1A3956D46DE8}") = "Services", "Services", "{A9F6E740-27B0-4BE0-A76D-D063EB09D5FB}"
EndProject
Project("{2150E333-8FDC-42A3-9474-1A3956D46DE8}") = "EventBus", "EventBus", "{D427AB4F-FC30-4AEC-AD78-5EB173F9AD7A}"
EndProject
Project("{2150E333-8FDC-42A3-9474-1A3956D46DE8}") = "WebHost", "WebHost", "{5734394F-FA24-4F50-99AB-2B040941B188}"
EndProject
Project("{2150E333-8FDC-42A3-9474-1A3956D46DE8}") = "HealthChecks", "HealthChecks", "{65DEBB15-0934-4E23-9828-5EA580F1F4EA}"
EndProject
Project("{9A19103F-16F7-4668-BE54-9A1E7A4F7556}") = "EventBus", "src\BuildingBlocks\EventBus\EventBus\EventBus.csproj", "{489E4ED1-1918-4154-8971-3A1FDFE70079}"
EndProject
Project("{9A19103F-16F7-4668-BE54-9A1E7A4F7556}") = "EventBusRabbitMQ", "src\BuildingBlocks\EventBus\EventBusRabbitMQ\EventBusRabbitMQ.csproj", "{2CBC2C8C-8C4E-49CD-8DB0-8F585481EEFA}"
EndProject
Project("{9A19103F-16F7-4668-BE54-9A1E7A4F7556}") = "IntegrationEventLogEF", "src\BuildingBlocks\EventBus\IntegrationEventLogEF\IntegrationEventLogEF.csproj", "{FA08BD86-5912-4C2B-9EAB-FF5EACF1A01D}"
EndProject
Project("{9A19103F-16F7-4668-BE54-9A1E7A4F7556}") = "Microsoft.AspNetCore.HealthChecks", "src\BuildingBlocks\HealthChecks\src\Microsoft.AspNetCore.HealthChecks\Microsoft.AspNetCore.HealthChecks.csproj", "{14407C51-DF58-4C0B-B89D-AFB8AA42ED4E}"
EndProject
Project("{9A19103F-16F7-4668-BE54-9A1E7A4F7556}") = "Microsoft.Extensions.HealthChecks", "src\BuildingBlocks\HealthChecks\src\Microsoft.Extensions.HealthChecks\Microsoft.Extensions.HealthChecks.csproj", "{9D292E63-0485-48D9-8386-347B5F4590DB}"
EndProject
Project("{9A19103F-16F7-4668-BE54-9A1E7A4F7556}") = "Microsoft.Extensions.HealthChecks.SqlServer", "src\BuildingBlocks\HealthChecks\src\Microsoft.Extensions.HealthChecks.SqlServer\Microsoft.Extensions.HealthChecks.SqlServer.csproj", "{C8373799-2E86-415C-A19F-A105F78E884C}"
EndProject
Project("{9A19103F-16F7-4668-BE54-9A1E7A4F7556}") = "WebHost.Customization", "src\BuildingBlocks\WebHostCustomization\WebHost.Customization\WebHost.Customization.csproj", "{AA308312-F61D-4152-AAA5-13C108EE7D93}"
EndProject
Project("{2150E333-8FDC-42A3-9474-1A3956D46DE8}") = "MicroServiceNumberOne", "MicroServiceNumberOne", "{6AB22CE7-E594-4DAB-9D4D-6EA2827DCC8B}"
EndProject
Project("{2150E333-8FDC-42A3-9474-1A3956D46DE8}") = "MicroServiceNumberTwo", "MicroServiceNumberTwo", "{75C89894-AB96-4E52-AB41-1374433C0E47}"
EndProject
Project("{9A19103F-16F7-4668-BE54-9A1E7A4F7556}") = "NumberOne.API", "src\Services\MicroServiceNumberOne\NumberOne.API\NumberOne.API.csproj", "{C18AA8AA-81F1-4C6C-A554-8B13BE74C3D0}"
EndProject
Project("{9A19103F-16F7-4668-BE54-9A1E7A4F7556}") = "NumberTwo.API", "src\Services\MicroServiceNumberTwo\NumberTwo.API\NumberTwo.API.csproj", "{5841BF85-9659-45EA-88D9-864288D1640C}"
EndProject
Project("{E53339B2-1760-4266-BCC7-CA923CBCF16C}") = "docker-compose", "docker-compose.dcproj", "{08401922-5D6B-4A41-AB51-4F7FA9B39BDF}"
EndProject
Project("{2150E333-8FDC-42A3-9474-1A3956D46DE8}") = "WebApps", "WebApps", "{F655527A-8099-49BA-91F0-DE5837EB1D6D}"
EndProject
Project("{9A19103F-16F7-4668-BE54-9A1E7A4F7556}") = "WebStatus", "src\Web\WebStatus\WebStatus.csproj", "{D104BCD9-294F-4673-B65C-97E2D78C3B8A}"
EndProject
Project("{9A19103F-16F7-4668-BE54-9A1E7A4F7556}") = "UserProfileApp", "src\Web\UserProfileApp\UserProfileApp.csproj", "{14A750BD-7A71-4338-B237-45D183C1E7DD}"
EndProject
Project("{2150E333-8FDC-42A3-9474-1A3956D46DE8}") = "ApiGateways", "ApiGateways", "{FECC1DB4-0B41-47F2-9817-4FAB89DCB2AC}"
EndProject
Project("{FAE04EC0-301F-11D3-BF4B-00C04F79EFBC}") = "Web.BFF", "src\ApiGateways\Web.BFF\Web.BFF.csproj", "{D4EC78BD-DAC0-426C-8A65-34BF03FA9BDB}"
EndProject
Global
	GlobalSection(SolutionConfigurationPlatforms) = preSolution
		Debug|Any CPU = Debug|Any CPU
		Release|Any CPU = Release|Any CPU
	EndGlobalSection
	GlobalSection(ProjectConfigurationPlatforms) = postSolution
		{489E4ED1-1918-4154-8971-3A1FDFE70079}.Debug|Any CPU.ActiveCfg = Debug|Any CPU
		{489E4ED1-1918-4154-8971-3A1FDFE70079}.Debug|Any CPU.Build.0 = Debug|Any CPU
		{489E4ED1-1918-4154-8971-3A1FDFE70079}.Release|Any CPU.ActiveCfg = Release|Any CPU
		{489E4ED1-1918-4154-8971-3A1FDFE70079}.Release|Any CPU.Build.0 = Release|Any CPU
		{2CBC2C8C-8C4E-49CD-8DB0-8F585481EEFA}.Debug|Any CPU.ActiveCfg = Debug|Any CPU
		{2CBC2C8C-8C4E-49CD-8DB0-8F585481EEFA}.Debug|Any CPU.Build.0 = Debug|Any CPU
		{2CBC2C8C-8C4E-49CD-8DB0-8F585481EEFA}.Release|Any CPU.ActiveCfg = Release|Any CPU
		{2CBC2C8C-8C4E-49CD-8DB0-8F585481EEFA}.Release|Any CPU.Build.0 = Release|Any CPU
		{FA08BD86-5912-4C2B-9EAB-FF5EACF1A01D}.Debug|Any CPU.ActiveCfg = Debug|Any CPU
		{FA08BD86-5912-4C2B-9EAB-FF5EACF1A01D}.Debug|Any CPU.Build.0 = Debug|Any CPU
		{FA08BD86-5912-4C2B-9EAB-FF5EACF1A01D}.Release|Any CPU.ActiveCfg = Release|Any CPU
		{FA08BD86-5912-4C2B-9EAB-FF5EACF1A01D}.Release|Any CPU.Build.0 = Release|Any CPU
		{14407C51-DF58-4C0B-B89D-AFB8AA42ED4E}.Debug|Any CPU.ActiveCfg = Debug|Any CPU
		{14407C51-DF58-4C0B-B89D-AFB8AA42ED4E}.Debug|Any CPU.Build.0 = Debug|Any CPU
		{14407C51-DF58-4C0B-B89D-AFB8AA42ED4E}.Release|Any CPU.ActiveCfg = Release|Any CPU
		{14407C51-DF58-4C0B-B89D-AFB8AA42ED4E}.Release|Any CPU.Build.0 = Release|Any CPU
		{9D292E63-0485-48D9-8386-347B5F4590DB}.Debug|Any CPU.ActiveCfg = Debug|Any CPU
		{9D292E63-0485-48D9-8386-347B5F4590DB}.Debug|Any CPU.Build.0 = Debug|Any CPU
		{9D292E63-0485-48D9-8386-347B5F4590DB}.Release|Any CPU.ActiveCfg = Release|Any CPU
		{9D292E63-0485-48D9-8386-347B5F4590DB}.Release|Any CPU.Build.0 = Release|Any CPU
		{C8373799-2E86-415C-A19F-A105F78E884C}.Debug|Any CPU.ActiveCfg = Debug|Any CPU
		{C8373799-2E86-415C-A19F-A105F78E884C}.Debug|Any CPU.Build.0 = Debug|Any CPU
		{C8373799-2E86-415C-A19F-A105F78E884C}.Release|Any CPU.ActiveCfg = Release|Any CPU
		{C8373799-2E86-415C-A19F-A105F78E884C}.Release|Any CPU.Build.0 = Release|Any CPU
		{AA308312-F61D-4152-AAA5-13C108EE7D93}.Debug|Any CPU.ActiveCfg = Debug|Any CPU
		{AA308312-F61D-4152-AAA5-13C108EE7D93}.Debug|Any CPU.Build.0 = Debug|Any CPU
		{AA308312-F61D-4152-AAA5-13C108EE7D93}.Release|Any CPU.ActiveCfg = Release|Any CPU
		{AA308312-F61D-4152-AAA5-13C108EE7D93}.Release|Any CPU.Build.0 = Release|Any CPU
		{C18AA8AA-81F1-4C6C-A554-8B13BE74C3D0}.Debug|Any CPU.ActiveCfg = Debug|Any CPU
		{C18AA8AA-81F1-4C6C-A554-8B13BE74C3D0}.Debug|Any CPU.Build.0 = Debug|Any CPU
		{C18AA8AA-81F1-4C6C-A554-8B13BE74C3D0}.Release|Any CPU.ActiveCfg = Release|Any CPU
		{C18AA8AA-81F1-4C6C-A554-8B13BE74C3D0}.Release|Any CPU.Build.0 = Release|Any CPU
		{5841BF85-9659-45EA-88D9-864288D1640C}.Debug|Any CPU.ActiveCfg = Debug|Any CPU
		{5841BF85-9659-45EA-88D9-864288D1640C}.Debug|Any CPU.Build.0 = Debug|Any CPU
		{5841BF85-9659-45EA-88D9-864288D1640C}.Release|Any CPU.ActiveCfg = Release|Any CPU
		{5841BF85-9659-45EA-88D9-864288D1640C}.Release|Any CPU.Build.0 = Release|Any CPU
		{08401922-5D6B-4A41-AB51-4F7FA9B39BDF}.Debug|Any CPU.ActiveCfg = Debug|Any CPU
		{08401922-5D6B-4A41-AB51-4F7FA9B39BDF}.Debug|Any CPU.Build.0 = Debug|Any CPU
		{08401922-5D6B-4A41-AB51-4F7FA9B39BDF}.Release|Any CPU.ActiveCfg = Release|Any CPU
		{08401922-5D6B-4A41-AB51-4F7FA9B39BDF}.Release|Any CPU.Build.0 = Release|Any CPU
		{D104BCD9-294F-4673-B65C-97E2D78C3B8A}.Debug|Any CPU.ActiveCfg = Debug|Any CPU
		{D104BCD9-294F-4673-B65C-97E2D78C3B8A}.Debug|Any CPU.Build.0 = Debug|Any CPU
		{D104BCD9-294F-4673-B65C-97E2D78C3B8A}.Release|Any CPU.ActiveCfg = Release|Any CPU
		{D104BCD9-294F-4673-B65C-97E2D78C3B8A}.Release|Any CPU.Build.0 = Release|Any CPU
		{14A750BD-7A71-4338-B237-45D183C1E7DD}.Debug|Any CPU.ActiveCfg = Debug|Any CPU
		{14A750BD-7A71-4338-B237-45D183C1E7DD}.Debug|Any CPU.Build.0 = Debug|Any CPU
		{14A750BD-7A71-4338-B237-45D183C1E7DD}.Release|Any CPU.ActiveCfg = Release|Any CPU
		{14A750BD-7A71-4338-B237-45D183C1E7DD}.Release|Any CPU.Build.0 = Release|Any CPU
		{D4EC78BD-DAC0-426C-8A65-34BF03FA9BDB}.Debug|Any CPU.ActiveCfg = Debug|Any CPU
		{D4EC78BD-DAC0-426C-8A65-34BF03FA9BDB}.Debug|Any CPU.Build.0 = Debug|Any CPU
		{D4EC78BD-DAC0-426C-8A65-34BF03FA9BDB}.Release|Any CPU.ActiveCfg = Release|Any CPU
		{D4EC78BD-DAC0-426C-8A65-34BF03FA9BDB}.Release|Any CPU.Build.0 = Release|Any CPU
	EndGlobalSection
	GlobalSection(SolutionProperties) = preSolution
		HideSolutionNode = FALSE
	EndGlobalSection
	GlobalSection(NestedProjects) = preSolution
		{CDF1C77B-5AC9-4DD4-8D48-4BCDA7DCA497} = {1DC629E1-B15E-4AD3-8CEE-D639FBBA9D42}
		{A9F6E740-27B0-4BE0-A76D-D063EB09D5FB} = {1DC629E1-B15E-4AD3-8CEE-D639FBBA9D42}
		{D427AB4F-FC30-4AEC-AD78-5EB173F9AD7A} = {CDF1C77B-5AC9-4DD4-8D48-4BCDA7DCA497}
		{5734394F-FA24-4F50-99AB-2B040941B188} = {CDF1C77B-5AC9-4DD4-8D48-4BCDA7DCA497}
		{65DEBB15-0934-4E23-9828-5EA580F1F4EA} = {CDF1C77B-5AC9-4DD4-8D48-4BCDA7DCA497}
		{489E4ED1-1918-4154-8971-3A1FDFE70079} = {D427AB4F-FC30-4AEC-AD78-5EB173F9AD7A}
		{2CBC2C8C-8C4E-49CD-8DB0-8F585481EEFA} = {D427AB4F-FC30-4AEC-AD78-5EB173F9AD7A}
		{FA08BD86-5912-4C2B-9EAB-FF5EACF1A01D} = {D427AB4F-FC30-4AEC-AD78-5EB173F9AD7A}
		{14407C51-DF58-4C0B-B89D-AFB8AA42ED4E} = {65DEBB15-0934-4E23-9828-5EA580F1F4EA}
		{9D292E63-0485-48D9-8386-347B5F4590DB} = {65DEBB15-0934-4E23-9828-5EA580F1F4EA}
		{C8373799-2E86-415C-A19F-A105F78E884C} = {65DEBB15-0934-4E23-9828-5EA580F1F4EA}
		{AA308312-F61D-4152-AAA5-13C108EE7D93} = {5734394F-FA24-4F50-99AB-2B040941B188}
		{6AB22CE7-E594-4DAB-9D4D-6EA2827DCC8B} = {A9F6E740-27B0-4BE0-A76D-D063EB09D5FB}
		{75C89894-AB96-4E52-AB41-1374433C0E47} = {A9F6E740-27B0-4BE0-A76D-D063EB09D5FB}
		{C18AA8AA-81F1-4C6C-A554-8B13BE74C3D0} = {6AB22CE7-E594-4DAB-9D4D-6EA2827DCC8B}
		{5841BF85-9659-45EA-88D9-864288D1640C} = {75C89894-AB96-4E52-AB41-1374433C0E47}
		{F655527A-8099-49BA-91F0-DE5837EB1D6D} = {1DC629E1-B15E-4AD3-8CEE-D639FBBA9D42}
		{D104BCD9-294F-4673-B65C-97E2D78C3B8A} = {F655527A-8099-49BA-91F0-DE5837EB1D6D}
		{14A750BD-7A71-4338-B237-45D183C1E7DD} = {F655527A-8099-49BA-91F0-DE5837EB1D6D}
		{FECC1DB4-0B41-47F2-9817-4FAB89DCB2AC} = {1DC629E1-B15E-4AD3-8CEE-D639FBBA9D42}
		{D4EC78BD-DAC0-426C-8A65-34BF03FA9BDB} = {FECC1DB4-0B41-47F2-9817-4FAB89DCB2AC}
	EndGlobalSection
	GlobalSection(ExtensibilityGlobals) = postSolution
		SolutionGuid = {DA91505C-7FBE-49E8-B108-54B192873BEC}
	EndGlobalSection
EndGlobal
